
Microsoft Visual Studio Solution File, Format Version 12.00
# Visual Studio Version 16
VisualStudioVersion = 16.0.31410.357
MinimumVisualStudioVersion = 10.0.40219.1
Project("{FAE04EC0-301F-11D3-BF4B-00C04F79EFBC}") = "'First_prg", "'First_prg\'First_prg.csproj", "{4BE72439-1283-4B85-B6E4-D41927B72C8C}"
EndProject
Project("{FAE04EC0-301F-11D3-BF4B-00C04F79EFBC}") = "DataType", "DataType\DataType.csproj", "{AA6C1F8A-450B-469A-86EF-BEA357143774}"
EndProject
Project("{FAE04EC0-301F-11D3-BF4B-00C04F79EFBC}") = "ValueType", "ValueType\ValueType.csproj", "{5C7F3BF3-D075-43D8-9269-9E892CEDBD8C}"
EndProject
Project("{FAE04EC0-301F-11D3-BF4B-00C04F79EFBC}") = "ReferenceType", "ReferenceType\ReferenceType.csproj", "{C8FDDCD0-5E1F-46F0-BD5C-B45F428E4CC0}"
EndProject
Project("{FAE04EC0-301F-11D3-BF4B-00C04F79EFBC}") = "NumberFormat", "NumberFormat\NumberFormat.csproj", "{ACF561E5-3A28-4B29-8FBD-746CF98F886A}"
EndProject
Project("{FAE04EC0-301F-11D3-BF4B-00C04F79EFBC}") = "DateTimeFormat", "DateTimeFormat\DateTimeFormat.csproj", "{3A236B77-A9F8-41B7-8C22-9CF106E19FE9}"
EndProject
Project("{FAE04EC0-301F-11D3-BF4B-00C04F79EFBC}") = "ImplicitilyTypedLocal", "ImplicitilyTypedLocal\ImplicitilyTypedLocal.csproj", "{65C7CFC2-48A6-4649-88B2-041CE1AA9C07}"
EndProject
Project("{FAE04EC0-301F-11D3-BF4B-00C04F79EFBC}") = "AnonTypes", "AnonTypes\AnonTypes.csproj", "{59469C8A-90A0-417F-A9A0-B20B249F72BF}"
EndProject
Global
	GlobalSection(SolutionConfigurationPlatforms) = preSolution
		Debug|Any CPU = Debug|Any CPU
		Release|Any CPU = Release|Any CPU
	EndGlobalSection
	GlobalSection(ProjectConfigurationPlatforms) = postSolution
		{4BE72439-1283-4B85-B6E4-D41927B72C8C}.Debug|Any CPU.ActiveCfg = Debug|Any CPU
		{4BE72439-1283-4B85-B6E4-D41927B72C8C}.Debug|Any CPU.Build.0 = Debug|Any CPU
		{4BE72439-1283-4B85-B6E4-D41927B72C8C}.Release|Any CPU.ActiveCfg = Release|Any CPU
		{4BE72439-1283-4B85-B6E4-D41927B72C8C}.Release|Any CPU.Build.0 = Release|Any CPU
		{AA6C1F8A-450B-469A-86EF-BEA357143774}.Debug|Any CPU.ActiveCfg = Debug|Any CPU
		{AA6C1F8A-450B-469A-86EF-BEA357143774}.Debug|Any CPU.Build.0 = Debug|Any CPU
		{AA6C1F8A-450B-469A-86EF-BEA357143774}.Release|Any CPU.ActiveCfg = Release|Any CPU
		{AA6C1F8A-450B-469A-86EF-BEA357143774}.Release|Any CPU.Build.0 = Release|Any CPU
		{5C7F3BF3-D075-43D8-9269-9E892CEDBD8C}.Debug|Any CPU.ActiveCfg = Debug|Any CPU
		{5C7F3BF3-D075-43D8-9269-9E892CEDBD8C}.Debug|Any CPU.Build.0 = Debug|Any CPU
		{5C7F3BF3-D075-43D8-9269-9E892CEDBD8C}.Release|Any CPU.ActiveCfg = Release|Any CPU
		{5C7F3BF3-D075-43D8-9269-9E892CEDBD8C}.Release|Any CPU.Build.0 = Release|Any CPU
		{C8FDDCD0-5E1F-46F0-BD5C-B45F428E4CC0}.Debug|Any CPU.ActiveCfg = Debug|Any CPU
		{C8FDDCD0-5E1F-46F0-BD5C-B45F428E4CC0}.Debug|Any CPU.Build.0 = Debug|Any CPU
		{C8FDDCD0-5E1F-46F0-BD5C-B45F428E4CC0}.Release|Any CPU.ActiveCfg = Release|Any CPU
		{C8FDDCD0-5E1F-46F0-BD5C-B45F428E4CC0}.Release|Any CPU.Build.0 = Release|Any CPU
		{ACF561E5-3A28-4B29-8FBD-746CF98F886A}.Debug|Any CPU.ActiveCfg = Debug|Any CPU
		{ACF561E5-3A28-4B29-8FBD-746CF98F886A}.Debug|Any CPU.Build.0 = Debug|Any CPU
		{ACF561E5-3A28-4B29-8FBD-746CF98F886A}.Release|Any CPU.ActiveCfg = Release|Any CPU
		{ACF561E5-3A28-4B29-8FBD-746CF98F886A}.Release|Any CPU.Build.0 = Release|Any CPU
		{3A236B77-A9F8-41B7-8C22-9CF106E19FE9}.Debug|Any CPU.ActiveCfg = Debug|Any CPU
		{3A236B77-A9F8-41B7-8C22-9CF106E19FE9}.Debug|Any CPU.Build.0 = Debug|Any CPU
		{3A236B77-A9F8-41B7-8C22-9CF106E19FE9}.Release|Any CPU.ActiveCfg = Release|Any CPU
		{3A236B77-A9F8-41B7-8C22-9CF106E19FE9}.Release|Any CPU.Build.0 = Release|Any CPU
		{65C7CFC2-48A6-4649-88B2-041CE1AA9C07}.Debug|Any CPU.ActiveCfg = Debug|Any CPU
		{65C7CFC2-48A6-4649-88B2-041CE1AA9C07}.Debug|Any CPU.Build.0 = Debug|Any CPU
		{65C7CFC2-48A6-4649-88B2-041CE1AA9C07}.Release|Any CPU.ActiveCfg = Release|Any CPU
		{65C7CFC2-48A6-4649-88B2-041CE1AA9C07}.Release|Any CPU.Build.0 = Release|Any CPU
		{59469C8A-90A0-417F-A9A0-B20B249F72BF}.Debug|Any CPU.ActiveCfg = Debug|Any CPU
		{59469C8A-90A0-417F-A9A0-B20B249F72BF}.Debug|Any CPU.Build.0 = Debug|Any CPU
		{59469C8A-90A0-417F-A9A0-B20B249F72BF}.Release|Any CPU.ActiveCfg = Release|Any CPU
		{59469C8A-90A0-417F-A9A0-B20B249F72BF}.Release|Any CPU.Build.0 = Release|Any CPU
	EndGlobalSection
	GlobalSection(SolutionProperties) = preSolution
		HideSolutionNode = FALSE
	EndGlobalSection
	GlobalSection(ExtensibilityGlobals) = postSolution
		SolutionGuid = {220AA581-05B6-4022-B511-4B2E82BE2777}
	EndGlobalSection
EndGlobal
