
Microsoft Visual Studio Solution File, Format Version 12.00
# Visual Studio Version 16
VisualStudioVersion = 16.0.31410.357
MinimumVisualStudioVersion = 10.0.40219.1
Project("{9A19103F-16F7-4668-BE54-9A1E7A4F7556}") = "C_S_1", "Sum\C_S_1.csproj", "{7D9B6B1E-5038-4EFE-A0CC-DEA3B2D3D329}"
EndProject
Project("{9A19103F-16F7-4668-BE54-9A1E7A4F7556}") = "C_S_2", "Book\C_S_2.csproj", "{8D738EB0-F98B-4676-A2AF-A8CD61D0E7AE}"
EndProject
Project("{9A19103F-16F7-4668-BE54-9A1E7A4F7556}") = "C_S_3", "Student\C_S_3.csproj", "{69881208-FAC3-414F-9B7D-69ECFA307A87}"
EndProject
Project("{9A19103F-16F7-4668-BE54-9A1E7A4F7556}") = "C_S_4", "TestProgram\C_S_4.csproj", "{3BFBD302-07A8-4B8D-B63A-3ABE177842D4}"
EndProject
Project("{9A19103F-16F7-4668-BE54-9A1E7A4F7556}") = "C_S_5", "OptionalParameterExample\C_S_5.csproj", "{D18B8E01-F591-4469-B08C-05BF67CF5E54}"
EndProject
Project("{FAE04EC0-301F-11D3-BF4B-00C04F79EFBC}") = "C_S_6", "Product\C_S_6.csproj", "{7E8AA448-DCCD-4BAE-9484-26887AE2A338}"
EndProject
Project("{FAE04EC0-301F-11D3-BF4B-00C04F79EFBC}") = "C_S_7", "Calculate\C_S_7.csproj", "{29B5C5BD-C316-4BA2-BF9E-8B6D007F370B}"
EndProject
Project("{FAE04EC0-301F-11D3-BF4B-00C04F79EFBC}") = "C_S_8", "C_S_8\C_S_8.csproj", "{84549FAC-7E59-415F-B534-EB6C7B10AC6C}"
EndProject
Project("{FAE04EC0-301F-11D3-BF4B-00C04F79EFBC}") = "C_S_9", "C_S_9\C_S_9.csproj", "{3F69A2FF-9342-4F88-97B6-CC638313E589}"
EndProject
Project("{FAE04EC0-301F-11D3-BF4B-00C04F79EFBC}") = "C_S_10", "C_S_10\C_S_10.csproj", "{3C216CB0-0FEA-435E-818F-84F98B4D5EB2}"
EndProject
Project("{FAE04EC0-301F-11D3-BF4B-00C04F79EFBC}") = "C_S_11", "C_S_11\C_S_11.csproj", "{2C7CB258-8A68-4415-B7F5-B54D38A5C516}"
EndProject
Project("{FAE04EC0-301F-11D3-BF4B-00C04F79EFBC}") = "C_S_12", "C_S_12\C_S_12.csproj", "{A7397BDC-5EC6-4086-9E78-B1FDA7C313D2}"
EndProject
Project("{FAE04EC0-301F-11D3-BF4B-00C04F79EFBC}") = "C_S_13", "C_S_13\C_S_13.csproj", "{0C21C706-9603-40F0-A393-5E3142CC2F02}"
EndProject
Project("{FAE04EC0-301F-11D3-BF4B-00C04F79EFBC}") = "C_S_14", "C_S_14\C_S_14.csproj", "{88D4B303-00FB-45B8-827D-C6BCCA620F9F}"
EndProject
Project("{FAE04EC0-301F-11D3-BF4B-00C04F79EFBC}") = "C_S_15", "C_S_15\C_S_15.csproj", "{CB5968D4-0A30-4014-9C55-D898FBA72ED1}"
EndProject
Global
	GlobalSection(SolutionConfigurationPlatforms) = preSolution
		Debug|Any CPU = Debug|Any CPU
		Release|Any CPU = Release|Any CPU
	EndGlobalSection
	GlobalSection(ProjectConfigurationPlatforms) = postSolution
		{7D9B6B1E-5038-4EFE-A0CC-DEA3B2D3D329}.Debug|Any CPU.ActiveCfg = Debug|Any CPU
		{7D9B6B1E-5038-4EFE-A0CC-DEA3B2D3D329}.Debug|Any CPU.Build.0 = Debug|Any CPU
		{7D9B6B1E-5038-4EFE-A0CC-DEA3B2D3D329}.Release|Any CPU.ActiveCfg = Release|Any CPU
		{7D9B6B1E-5038-4EFE-A0CC-DEA3B2D3D329}.Release|Any CPU.Build.0 = Release|Any CPU
		{8D738EB0-F98B-4676-A2AF-A8CD61D0E7AE}.Debug|Any CPU.ActiveCfg = Debug|Any CPU
		{8D738EB0-F98B-4676-A2AF-A8CD61D0E7AE}.Debug|Any CPU.Build.0 = Debug|Any CPU
		{8D738EB0-F98B-4676-A2AF-A8CD61D0E7AE}.Release|Any CPU.ActiveCfg = Release|Any CPU
		{8D738EB0-F98B-4676-A2AF-A8CD61D0E7AE}.Release|Any CPU.Build.0 = Release|Any CPU
		{69881208-FAC3-414F-9B7D-69ECFA307A87}.Debug|Any CPU.ActiveCfg = Debug|Any CPU
		{69881208-FAC3-414F-9B7D-69ECFA307A87}.Debug|Any CPU.Build.0 = Debug|Any CPU
		{69881208-FAC3-414F-9B7D-69ECFA307A87}.Release|Any CPU.ActiveCfg = Release|Any CPU
		{69881208-FAC3-414F-9B7D-69ECFA307A87}.Release|Any CPU.Build.0 = Release|Any CPU
		{3BFBD302-07A8-4B8D-B63A-3ABE177842D4}.Debug|Any CPU.ActiveCfg = Debug|Any CPU
		{3BFBD302-07A8-4B8D-B63A-3ABE177842D4}.Debug|Any CPU.Build.0 = Debug|Any CPU
		{3BFBD302-07A8-4B8D-B63A-3ABE177842D4}.Release|Any CPU.ActiveCfg = Release|Any CPU
		{3BFBD302-07A8-4B8D-B63A-3ABE177842D4}.Release|Any CPU.Build.0 = Release|Any CPU
		{D18B8E01-F591-4469-B08C-05BF67CF5E54}.Debug|Any CPU.ActiveCfg = Debug|Any CPU
		{D18B8E01-F591-4469-B08C-05BF67CF5E54}.Debug|Any CPU.Build.0 = Debug|Any CPU
		{D18B8E01-F591-4469-B08C-05BF67CF5E54}.Release|Any CPU.ActiveCfg = Release|Any CPU
		{D18B8E01-F591-4469-B08C-05BF67CF5E54}.Release|Any CPU.Build.0 = Release|Any CPU
		{7E8AA448-DCCD-4BAE-9484-26887AE2A338}.Debug|Any CPU.ActiveCfg = Debug|Any CPU
		{7E8AA448-DCCD-4BAE-9484-26887AE2A338}.Debug|Any CPU.Build.0 = Debug|Any CPU
		{7E8AA448-DCCD-4BAE-9484-26887AE2A338}.Release|Any CPU.ActiveCfg = Release|Any CPU
		{7E8AA448-DCCD-4BAE-9484-26887AE2A338}.Release|Any CPU.Build.0 = Release|Any CPU
		{29B5C5BD-C316-4BA2-BF9E-8B6D007F370B}.Debug|Any CPU.ActiveCfg = Debug|Any CPU
		{29B5C5BD-C316-4BA2-BF9E-8B6D007F370B}.Debug|Any CPU.Build.0 = Debug|Any CPU
		{29B5C5BD-C316-4BA2-BF9E-8B6D007F370B}.Release|Any CPU.ActiveCfg = Release|Any CPU
		{29B5C5BD-C316-4BA2-BF9E-8B6D007F370B}.Release|Any CPU.Build.0 = Release|Any CPU
		{84549FAC-7E59-415F-B534-EB6C7B10AC6C}.Debug|Any CPU.ActiveCfg = Debug|Any CPU
		{84549FAC-7E59-415F-B534-EB6C7B10AC6C}.Debug|Any CPU.Build.0 = Debug|Any CPU
		{84549FAC-7E59-415F-B534-EB6C7B10AC6C}.Release|Any CPU.ActiveCfg = Release|Any CPU
		{84549FAC-7E59-415F-B534-EB6C7B10AC6C}.Release|Any CPU.Build.0 = Release|Any CPU
		{3F69A2FF-9342-4F88-97B6-CC638313E589}.Debug|Any CPU.ActiveCfg = Debug|Any CPU
		{3F69A2FF-9342-4F88-97B6-CC638313E589}.Debug|Any CPU.Build.0 = Debug|Any CPU
		{3F69A2FF-9342-4F88-97B6-CC638313E589}.Release|Any CPU.ActiveCfg = Release|Any CPU
		{3F69A2FF-9342-4F88-97B6-CC638313E589}.Release|Any CPU.Build.0 = Release|Any CPU
		{3C216CB0-0FEA-435E-818F-84F98B4D5EB2}.Debug|Any CPU.ActiveCfg = Debug|Any CPU
		{3C216CB0-0FEA-435E-818F-84F98B4D5EB2}.Debug|Any CPU.Build.0 = Debug|Any CPU
		{3C216CB0-0FEA-435E-818F-84F98B4D5EB2}.Release|Any CPU.ActiveCfg = Release|Any CPU
		{3C216CB0-0FEA-435E-818F-84F98B4D5EB2}.Release|Any CPU.Build.0 = Release|Any CPU
		{2C7CB258-8A68-4415-B7F5-B54D38A5C516}.Debug|Any CPU.ActiveCfg = Debug|Any CPU
		{2C7CB258-8A68-4415-B7F5-B54D38A5C516}.Debug|Any CPU.Build.0 = Debug|Any CPU
		{2C7CB258-8A68-4415-B7F5-B54D38A5C516}.Release|Any CPU.ActiveCfg = Release|Any CPU
		{2C7CB258-8A68-4415-B7F5-B54D38A5C516}.Release|Any CPU.Build.0 = Release|Any CPU
		{A7397BDC-5EC6-4086-9E78-B1FDA7C313D2}.Debug|Any CPU.ActiveCfg = Debug|Any CPU
		{A7397BDC-5EC6-4086-9E78-B1FDA7C313D2}.Debug|Any CPU.Build.0 = Debug|Any CPU
		{A7397BDC-5EC6-4086-9E78-B1FDA7C313D2}.Release|Any CPU.ActiveCfg = Release|Any CPU
		{A7397BDC-5EC6-4086-9E78-B1FDA7C313D2}.Release|Any CPU.Build.0 = Release|Any CPU
		{0C21C706-9603-40F0-A393-5E3142CC2F02}.Debug|Any CPU.ActiveCfg = Debug|Any CPU
		{0C21C706-9603-40F0-A393-5E3142CC2F02}.Debug|Any CPU.Build.0 = Debug|Any CPU
		{0C21C706-9603-40F0-A393-5E3142CC2F02}.Release|Any CPU.ActiveCfg = Release|Any CPU
		{0C21C706-9603-40F0-A393-5E3142CC2F02}.Release|Any CPU.Build.0 = Release|Any CPU
		{88D4B303-00FB-45B8-827D-C6BCCA620F9F}.Debug|Any CPU.ActiveCfg = Debug|Any CPU
		{88D4B303-00FB-45B8-827D-C6BCCA620F9F}.Debug|Any CPU.Build.0 = Debug|Any CPU
		{88D4B303-00FB-45B8-827D-C6BCCA620F9F}.Release|Any CPU.ActiveCfg = Release|Any CPU
		{88D4B303-00FB-45B8-827D-C6BCCA620F9F}.Release|Any CPU.Build.0 = Release|Any CPU
		{CB5968D4-0A30-4014-9C55-D898FBA72ED1}.Debug|Any CPU.ActiveCfg = Debug|Any CPU
		{CB5968D4-0A30-4014-9C55-D898FBA72ED1}.Debug|Any CPU.Build.0 = Debug|Any CPU
		{CB5968D4-0A30-4014-9C55-D898FBA72ED1}.Release|Any CPU.ActiveCfg = Release|Any CPU
		{CB5968D4-0A30-4014-9C55-D898FBA72ED1}.Release|Any CPU.Build.0 = Release|Any CPU
	EndGlobalSection
	GlobalSection(SolutionProperties) = preSolution
		HideSolutionNode = FALSE
	EndGlobalSection
	GlobalSection(ExtensibilityGlobals) = postSolution
		SolutionGuid = {4479095A-A0D9-44E6-9E00-B873E91516A0}
	EndGlobalSection
EndGlobal
